{
  "name": "typescript-for-javascript-developers-5916143",
  "version": "1.0.0",
  "lockfileVersion": 3,
  "requires": true,
  "packages": {
    "": {
      "name": "typescript-for-javascript-developers-5916143",
      "version": "1.0.0",
      "license": "ISC",
      "dependencies": {
        "create-vite": "^6.4.1"
      }
    },
    "node_modules/create-vite": {
      "version": "6.4.1",
      "resolved": "https://registry.npmjs.org/create-vite/-/create-vite-6.4.1.tgz",
      "integrity": "sha512-an7oLlpm4FFd8zkVk6ytazmfLwMVYYyoLeuzlCoGPBKCbS6d7obm6OyVXAKt58xCxYlhMzxM0z42HBmMGWME2g==",
      "license": "MIT",
      "bin": {
        "create-vite": "index.js",
        "cva": "index.js"
      },
      "engines": {
        "node": "^18.0.0 || ^20.0.0 || >=22.0.0"
      },
      "funding": {
        "url": "https://github.com/vitejs/vite?sponsor=1"
      }
    }
  }
}
